
Microsoft Visual Studio Solution File, Format Version 12.00
# Visual Studio Version 16
VisualStudioVersion = 16.0.31729.503
MinimumVisualStudioVersion = 10.0.40219.1
Project("{F184B08F-C81C-45F6-A57F-5ABD9991F28F}") = "KeathsWowLauncher", "KeathsWowLauncher\KeathsWowLauncher.vbproj", "{99672A02-BA0B-4BE6-BCBA-6290E25AEA6D}"
EndProject
Global
	GlobalSection(SolutionConfigurationPlatforms) = preSolution
		Debug|Any CPU = Debug|Any CPU
		Release|Any CPU = Release|Any CPU
	EndGlobalSection
	GlobalSection(ProjectConfigurationPlatforms) = postSolution
		{99672A02-BA0B-4BE6-BCBA-6290E25AEA6D}.Debug|Any CPU.ActiveCfg = Debug|Any CPU
		{99672A02-BA0B-4BE6-BCBA-6290E25AEA6D}.Debug|Any CPU.Build.0 = Debug|Any CPU
		{99672A02-BA0B-4BE6-BCBA-6290E25AEA6D}.Release|Any CPU.ActiveCfg = Release|Any CPU
		{99672A02-BA0B-4BE6-BCBA-6290E25AEA6D}.Release|Any CPU.Build.0 = Release|Any CPU
	EndGlobalSection
	GlobalSection(SolutionProperties) = preSolution
		HideSolutionNode = FALSE
	EndGlobalSection
	GlobalSection(ExtensibilityGlobals) = postSolution
		SolutionGuid = {CC74E475-39D5-4E5D-8975-DC2B6EF852D5}
	EndGlobalSection
EndGlobal
